// !$*UTF8*$!
{
	archiveVersion = 1;
	classes = {
	};
	objectVersion = 50;
	objects = {

/* Begin PBXBuildFile section */
		0FC375DB158CE612B613CAA3 /* libPods-gitStudyUITests.a in Frameworks */ = {isa = PBXBuildFile; fileRef = 6D74B7E0292F79F9C597754F /* libPods-gitStudyUITests.a */; };
		70734A83BEF848F001E752F1 /* libPods-gitStudyTests.a in Frameworks */ = {isa = PBXBuildFile; fileRef = C33CDE3DCB5A1CFC33217A08 /* libPods-gitStudyTests.a */; };
		CB3BA106DB8C2213A001FB9F /* libPods-gitStudy.a in Frameworks */ = {isa = PBXBuildFile; fileRef = 0DC0D61F6372BD2115551F54 /* libPods-gitStudy.a */; };
		F94BC43521C9E2D2007B3E4F /* AppDelegate.m in Sources */ = {isa = PBXBuildFile; fileRef = F94BC43421C9E2D2007B3E4F /* AppDelegate.m */; };
		F94BC43821C9E2D2007B3E4F /* ViewController.m in Sources */ = {isa = PBXBuildFile; fileRef = F94BC43721C9E2D2007B3E4F /* ViewController.m */; };
		F94BC43B21C9E2D2007B3E4F /* Main.storyboard in Resources */ = {isa = PBXBuildFile; fileRef = F94BC43921C9E2D2007B3E4F /* Main.storyboard */; };
		F94BC43D21C9E2D4007B3E4F /* Assets.xcassets in Resources */ = {isa = PBXBuildFile; fileRef = F94BC43C21C9E2D4007B3E4F /* Assets.xcassets */; };
		F94BC44021C9E2D4007B3E4F /* LaunchScreen.storyboard in Resources */ = {isa = PBXBuildFile; fileRef = F94BC43E21C9E2D4007B3E4F /* LaunchScreen.storyboard */; };
		F94BC44321C9E2D4007B3E4F /* main.m in Sources */ = {isa = PBXBuildFile; fileRef = F94BC44221C9E2D4007B3E4F /* main.m */; };
		F94BC44D21C9E2D4007B3E4F /* gitStudyTests.m in Sources */ = {isa = PBXBuildFile; fileRef = F94BC44C21C9E2D4007B3E4F /* gitStudyTests.m */; };
		F94BC45821C9E2D4007B3E4F /* gitStudyUITests.m in Sources */ = {isa = PBXBuildFile; fileRef = F94BC45721C9E2D4007B3E4F /* gitStudyUITests.m */; };
/* End PBXBuildFile section */

/* Begin PBXContainerItemProxy section */
		F94BC44921C9E2D4007B3E4F /* PBXContainerItemProxy */ = {
			isa = PBXContainerItemProxy;
			containerPortal = F94BC42821C9E2D2007B3E4F /* Project object */;
			proxyType = 1;
			remoteGlobalIDString = F94BC42F21C9E2D2007B3E4F;
			remoteInfo = gitStudy;
		};
		F94BC45421C9E2D4007B3E4F /* PBXContainerItemProxy */ = {
			isa = PBXContainerItemProxy;
			containerPortal = F94BC42821C9E2D2007B3E4F /* Project object */;
			proxyType = 1;
			remoteGlobalIDString = F94BC42F21C9E2D2007B3E4F;
			remoteInfo = gitStudy;
		};
/* End PBXContainerItemProxy section */

/* Begin PBXFileReference section */
		0DC0D61F6372BD2115551F54 /* libPods-gitStudy.a */ = {isa = PBXFileReference; explicitFileType = archive.ar; includeInIndex = 0; path = "libPods-gitStudy.a"; sourceTree = BUILT_PRODUCTS_DIR; };
		1A3A90F1DBA7B66C18F4E43D /* Pods-gitStudyTests.release.xcconfig */ = {isa = PBXFileReference; includeInIndex = 1; lastKnownFileType = text.xcconfig; name = "Pods-gitStudyTests.release.xcconfig"; path = "Pods/Target Support Files/Pods-gitStudyTests/Pods-gitStudyTests.release.xcconfig"; sourceTree = "<group>"; };
		34AF1AAEB0B876EDB977478E /* Pods-gitStudy.release.xcconfig */ = {isa = PBXFileReference; includeInIndex = 1; lastKnownFileType = text.xcconfig; name = "Pods-gitStudy.release.xcconfig"; path = "Pods/Target Support Files/Pods-gitStudy/Pods-gitStudy.release.xcconfig"; sourceTree = "<group>"; };
		43315C58CB129C3FA08231AA /* Pods-gitStudyUITests.debug.xcconfig */ = {isa = PBXFileReference; includeInIndex = 1; lastKnownFileType = text.xcconfig; name = "Pods-gitStudyUITests.debug.xcconfig"; path = "Pods/Target Support Files/Pods-gitStudyUITests/Pods-gitStudyUITests.debug.xcconfig"; sourceTree = "<group>"; };
		617DE7DD3402D2CFA3236DBF /* Pods-gitStudyUITests.release.xcconfig */ = {isa = PBXFileReference; includeInIndex = 1; lastKnownFileType = text.xcconfig; name = "Pods-gitStudyUITests.release.xcconfig"; path = "Pods/Target Support Files/Pods-gitStudyUITests/Pods-gitStudyUITests.release.xcconfig"; sourceTree = "<group>"; };
		6D74B7E0292F79F9C597754F /* libPods-gitStudyUITests.a */ = {isa = PBXFileReference; explicitFileType = archive.ar; includeInIndex = 0; path = "libPods-gitStudyUITests.a"; sourceTree = BUILT_PRODUCTS_DIR; };
		C33CDE3DCB5A1CFC33217A08 /* libPods-gitStudyTests.a */ = {isa = PBXFileReference; explicitFileType = archive.ar; includeInIndex = 0; path = "libPods-gitStudyTests.a"; sourceTree = BUILT_PRODUCTS_DIR; };
		CD4055FF314747BE0980016A /* Pods-gitStudyTests.debug.xcconfig */ = {isa = PBXFileReference; includeInIndex = 1; lastKnownFileType = text.xcconfig; name = "Pods-gitStudyTests.debug.xcconfig"; path = "Pods/Target Support Files/Pods-gitStudyTests/Pods-gitStudyTests.debug.xcconfig"; sourceTree = "<group>"; };
		F94BC43021C9E2D2007B3E4F /* gitStudy.app */ = {isa = PBXFileReference; explicitFileType = wrapper.application; includeInIndex = 0; path = gitStudy.app; sourceTree = BUILT_PRODUCTS_DIR; };
		F94BC43321C9E2D2007B3E4F /* AppDelegate.h */ = {isa = PBXFileReference; lastKnownFileType = sourcecode.c.h; path = AppDelegate.h; sourceTree = "<group>"; };
		F94BC43421C9E2D2007B3E4F /* AppDelegate.m */ = {isa = PBXFileReference; lastKnownFileType = sourcecode.c.objc; path = AppDelegate.m; sourceTree = "<group>"; };
		F94BC43621C9E2D2007B3E4F /* ViewController.h */ = {isa = PBXFileReference; lastKnownFileType = sourcecode.c.h; path = ViewController.h; sourceTree = "<group>"; };
		F94BC43721C9E2D2007B3E4F /* ViewController.m */ = {isa = PBXFileReference; lastKnownFileType = sourcecode.c.objc; path = ViewController.m; sourceTree = "<group>"; };
		F94BC43A21C9E2D2007B3E4F /* Base */ = {isa = PBXFileReference; lastKnownFileType = file.storyboard; name = Base; path = Base.lproj/Main.storyboard; sourceTree = "<group>"; };
		F94BC43C21C9E2D4007B3E4F /* Assets.xcassets */ = {isa = PBXFileReference; lastKnownFileType = folder.assetcatalog; path = Assets.xcassets; sourceTree = "<group>"; };
		F94BC43F21C9E2D4007B3E4F /* Base */ = {isa = PBXFileReference; lastKnownFileType = file.storyboard; name = Base; path = Base.lproj/LaunchScreen.storyboard; sourceTree = "<group>"; };
		F94BC44121C9E2D4007B3E4F /* Info.plist */ = {isa = PBXFileReference; lastKnownFileType = text.plist.xml; path = Info.plist; sourceTree = "<group>"; };
		F94BC44221C9E2D4007B3E4F /* main.m */ = {isa = PBXFileReference; lastKnownFileType = sourcecode.c.objc; path = main.m; sourceTree = "<group>"; };
		F94BC44821C9E2D4007B3E4F /* gitStudyTests.xctest */ = {isa = PBXFileReference; explicitFileType = wrapper.cfbundle; includeInIndex = 0; path = gitStudyTests.xctest; sourceTree = BUILT_PRODUCTS_DIR; };
		F94BC44C21C9E2D4007B3E4F /* gitStudyTests.m */ = {isa = PBXFileReference; lastKnownFileType = sourcecode.c.objc; path = gitStudyTests.m; sourceTree = "<group>"; };
		F94BC44E21C9E2D4007B3E4F /* Info.plist */ = {isa = PBXFileReference; lastKnownFileType = text.plist.xml; path = Info.plist; sourceTree = "<group>"; };
		F94BC45321C9E2D4007B3E4F /* gitStudyUITests.xctest */ = {isa = PBXFileReference; explicitFileType = wrapper.cfbundle; includeInIndex = 0; path = gitStudyUITests.xctest; sourceTree = BUILT_PRODUCTS_DIR; };
		F94BC45721C9E2D4007B3E4F /* gitStudyUITests.m */ = {isa = PBXFileReference; lastKnownFileType = sourcecode.c.objc; path = gitStudyUITests.m; sourceTree = "<group>"; };
		F94BC45921C9E2D4007B3E4F /* Info.plist */ = {isa = PBXFileReference; lastKnownFileType = text.plist.xml; path = Info.plist; sourceTree = "<group>"; };
		FC857D114C346AE2124FDC76 /* Pods-gitStudy.debug.xcconfig */ = {isa = PBXFileReference; includeInIndex = 1; lastKnownFileType = text.xcconfig; name = "Pods-gitStudy.debug.xcconfig"; path = "Pods/Target Support Files/Pods-gitStudy/Pods-gitStudy.debug.xcconfig"; sourceTree = "<group>"; };
/* End PBXFileReference section */

/* Begin PBXFrameworksBuildPhase section */
		F94BC42D21C9E2D2007B3E4F /* Frameworks */ = {
			isa = PBXFrameworksBuildPhase;
			buildActionMask = 2147483647;
			files = (
				CB3BA106DB8C2213A001FB9F /* libPods-gitStudy.a in Frameworks */,
			);
			runOnlyForDeploymentPostprocessing = 0;
		};
		F94BC44521C9E2D4007B3E4F /* Frameworks */ = {
			isa = PBXFrameworksBuildPhase;
			buildActionMask = 2147483647;
			files = (
				70734A83BEF848F001E752F1 /* libPods-gitStudyTests.a in Frameworks */,
			);
			runOnlyForDeploymentPostprocessing = 0;
		};
		F94BC45021C9E2D4007B3E4F /* Frameworks */ = {
			isa = PBXFrameworksBuildPhase;
			buildActionMask = 2147483647;
			files = (
				0FC375DB158CE612B613CAA3 /* libPods-gitStudyUITests.a in Frameworks */,
			);
			runOnlyForDeploymentPostprocessing = 0;
		};
/* End PBXFrameworksBuildPhase section */

/* Begin PBXGroup section */
		6D38BDA8AE5C304BEE01815C /* Frameworks */ = {
			isa = PBXGroup;
			children = (
				0DC0D61F6372BD2115551F54 /* libPods-gitStudy.a */,
				C33CDE3DCB5A1CFC33217A08 /* libPods-gitStudyTests.a */,
				6D74B7E0292F79F9C597754F /* libPods-gitStudyUITests.a */,
			);
			name = Frameworks;
			sourceTree = "<group>";
		};
		B8A629D341AF6246DAAA523B /* Pods */ = {
			isa = PBXGroup;
			children = (
				FC857D114C346AE2124FDC76 /* Pods-gitStudy.debug.xcconfig */,
				34AF1AAEB0B876EDB977478E /* Pods-gitStudy.release.xcconfig */,
				CD4055FF314747BE0980016A /* Pods-gitStudyTests.debug.xcconfig */,
				1A3A90F1DBA7B66C18F4E43D /* Pods-gitStudyTests.release.xcconfig */,
				43315C58CB129C3FA08231AA /* Pods-gitStudyUITests.debug.xcconfig */,
				617DE7DD3402D2CFA3236DBF /* Pods-gitStudyUITests.release.xcconfig */,
			);
			name = Pods;
			sourceTree = "<group>";
		};
		F94BC42721C9E2D2007B3E4F = {
			isa = PBXGroup;
			children = (
				F94BC43221C9E2D2007B3E4F /* gitStudy */,
				F94BC44B21C9E2D4007B3E4F /* gitStudyTests */,
				F94BC45621C9E2D4007B3E4F /* gitStudyUITests */,
				F94BC43121C9E2D2007B3E4F /* Products */,
				B8A629D341AF6246DAAA523B /* Pods */,
				6D38BDA8AE5C304BEE01815C /* Frameworks */,
			);
			sourceTree = "<group>";
		};
		F94BC43121C9E2D2007B3E4F /* Products */ = {
			isa = PBXGroup;
			children = (
				F94BC43021C9E2D2007B3E4F /* gitStudy.app */,
				F94BC44821C9E2D4007B3E4F /* gitStudyTests.xctest */,
				F94BC45321C9E2D4007B3E4F /* gitStudyUITests.xctest */,
			);
			name = Products;
			sourceTree = "<group>";
		};
		F94BC43221C9E2D2007B3E4F /* gitStudy */ = {
			isa = PBXGroup;
			children = (
				F94BC43321C9E2D2007B3E4F /* AppDelegate.h */,
				F94BC43421C9E2D2007B3E4F /* AppDelegate.m */,
				F94BC43621C9E2D2007B3E4F /* ViewController.h */,
				F94BC43721C9E2D2007B3E4F /* ViewController.m */,
				F94BC43921C9E2D2007B3E4F /* Main.storyboard */,
				F94BC43C21C9E2D4007B3E4F /* Assets.xcassets */,
				F94BC43E21C9E2D4007B3E4F /* LaunchScreen.storyboard */,
				F94BC44121C9E2D4007B3E4F /* Info.plist */,
				F94BC44221C9E2D4007B3E4F /* main.m */,
			);
			path = gitStudy;
			sourceTree = "<group>";
		};
		F94BC44B21C9E2D4007B3E4F /* gitStudyTests */ = {
			isa = PBXGroup;
			children = (
				F94BC44C21C9E2D4007B3E4F /* gitStudyTests.m */,
				F94BC44E21C9E2D4007B3E4F /* Info.plist */,
			);
			path = gitStudyTests;
			sourceTree = "<group>";
		};
		F94BC45621C9E2D4007B3E4F /* gitStudyUITests */ = {
			isa = PBXGroup;
			children = (
				F94BC45721C9E2D4007B3E4F /* gitStudyUITests.m */,
				F94BC45921C9E2D4007B3E4F /* Info.plist */,
			);
			path = gitStudyUITests;
			sourceTree = "<group>";
		};
/* End PBXGroup section */

/* Begin PBXNativeTarget section */
		F94BC42F21C9E2D2007B3E4F /* gitStudy */ = {
			isa = PBXNativeTarget;
			buildConfigurationList = F94BC45C21C9E2D4007B3E4F /* Build configuration list for PBXNativeTarget "gitStudy" */;
			buildPhases = (
				B910538AF993FB801F04E19B /* [CP] Check Pods Manifest.lock */,
				F94BC42C21C9E2D2007B3E4F /* Sources */,
				F94BC42D21C9E2D2007B3E4F /* Frameworks */,
				F94BC42E21C9E2D2007B3E4F /* Resources */,
			);
			buildRules = (
			);
			dependencies = (
			);
			name = gitStudy;
			productName = gitStudy;
			productReference = F94BC43021C9E2D2007B3E4F /* gitStudy.app */;
			productType = "com.apple.product-type.application";
		};
		F94BC44721C9E2D4007B3E4F /* gitStudyTests */ = {
			isa = PBXNativeTarget;
			buildConfigurationList = F94BC45F21C9E2D4007B3E4F /* Build configuration list for PBXNativeTarget "gitStudyTests" */;
			buildPhases = (
				B24BF577B7432E6BA19DA1C6 /* [CP] Check Pods Manifest.lock */,
				F94BC44421C9E2D4007B3E4F /* Sources */,
				F94BC44521C9E2D4007B3E4F /* Frameworks */,
				F94BC44621C9E2D4007B3E4F /* Resources */,
			);
			buildRules = (
			);
			dependencies = (
				F94BC44A21C9E2D4007B3E4F /* PBXTargetDependency */,
			);
			name = gitStudyTests;
			productName = gitStudyTests;
			productReference = F94BC44821C9E2D4007B3E4F /* gitStudyTests.xctest */;
			productType = "com.apple.product-type.bundle.unit-test";
		};
		F94BC45221C9E2D4007B3E4F /* gitStudyUITests */ = {
			isa = PBXNativeTarget;
			buildConfigurationList = F94BC46221C9E2D4007B3E4F /* Build configuration list for PBXNativeTarget "gitStudyUITests" */;
			buildPhases = (
				BF3929CD991027B026D9A1AA /* [CP] Check Pods Manifest.lock */,
				F94BC44F21C9E2D4007B3E4F /* Sources */,
				F94BC45021C9E2D4007B3E4F /* Frameworks */,
				F94BC45121C9E2D4007B3E4F /* Resources */,
			);
			buildRules = (
			);
			dependencies = (
				F94BC45521C9E2D4007B3E4F /* PBXTargetDependency */,
			);
			name = gitStudyUITests;
			productName = gitStudyUITests;
			productReference = F94BC45321C9E2D4007B3E4F /* gitStudyUITests.xctest */;
			productType = "com.apple.product-type.bundle.ui-testing";
		};
/* End PBXNativeTarget section */

/* Begin PBXProject section */
		F94BC42821C9E2D2007B3E4F /* Project object */ = {
			isa = PBXProject;
			attributes = {
				LastUpgradeCheck = 1000;
				ORGANIZATIONNAME = "张豪";
				TargetAttributes = {
					F94BC42F21C9E2D2007B3E4F = {
						CreatedOnToolsVersion = 10.0;
					};
					F94BC44721C9E2D4007B3E4F = {
						CreatedOnToolsVersion = 10.0;
						TestTargetID = F94BC42F21C9E2D2007B3E4F;
					};
					F94BC45221C9E2D4007B3E4F = {
						CreatedOnToolsVersion = 10.0;
						TestTargetID = F94BC42F21C9E2D2007B3E4F;
					};
				};
			};
			buildConfigurationList = F94BC42B21C9E2D2007B3E4F /* Build configuration list for PBXProject "gitStudy" */;
			compatibilityVersion = "Xcode 9.3";
			developmentRegion = en;
			hasScannedForEncodings = 0;
			knownRegions = (
				en,
				Base,
			);
			mainGroup = F94BC42721C9E2D2007B3E4F;
			productRefGroup = F94BC43121C9E2D2007B3E4F /* Products */;
			projectDirPath = "";
			projectRoot = "";
			targets = (
				F94BC42F21C9E2D2007B3E4F /* gitStudy */,
				F94BC44721C9E2D4007B3E4F /* gitStudyTests */,
				F94BC45221C9E2D4007B3E4F /* gitStudyUITests */,
			);
		};
/* End PBXProject section */

/* Begin PBXResourcesBuildPhase section */
		F94BC42E21C9E2D2007B3E4F /* Resources */ = {
			isa = PBXResourcesBuildPhase;
			buildActionMask = 2147483647;
			files = (
				F94BC44021C9E2D4007B3E4F /* LaunchScreen.storyboard in Resources */,
				F94BC43D21C9E2D4007B3E4F /* Assets.xcassets in Resources */,
				F94BC43B21C9E2D2007B3E4F /* Main.storyboard in Resources */,
			);
			runOnlyForDeploymentPostprocessing = 0;
		};
		F94BC44621C9E2D4007B3E4F /* Resources */ = {
			isa = PBXResourcesBuildPhase;
			buildActionMask = 2147483647;
			files = (
			);
			runOnlyForDeploymentPostprocessing = 0;
		};
		F94BC45121C9E2D4007B3E4F /* Resources */ = {
			isa = PBXResourcesBuildPhase;
			buildActionMask = 2147483647;
			files = (
			);
			runOnlyForDeploymentPostprocessing = 0;
		};
/* End PBXResourcesBuildPhase section */

/* Begin PBXShellScriptBuildPhase section */
		B24BF577B7432E6BA19DA1C6 /* [CP] Check Pods Manifest.lock */ = {
			isa = PBXShellScriptBuildPhase;
			buildActionMask = 2147483647;
			files = (
			);
			inputPaths = (
				"${PODS_PODFILE_DIR_PATH}/Podfile.lock",
				"${PODS_ROOT}/Manifest.lock",
			);
			name = "[CP] Check Pods Manifest.lock";
			outputPaths = (
				"$(DERIVED_FILE_DIR)/Pods-gitStudyTests-checkManifestLockResult.txt",
			);
			runOnlyForDeploymentPostprocessing = 0;
			shellPath = /bin/sh;
			shellScript = "diff \"${PODS_PODFILE_DIR_PATH}/Podfile.lock\" \"${PODS_ROOT}/Manifest.lock\" > /dev/null\nif [ $? != 0 ] ; then\n    # print error to STDERR\n    echo \"error: The sandbox is not in sync with the Podfile.lock. Run 'pod install' or update your CocoaPods installation.\" >&2\n    exit 1\nfi\n# This output is used by Xcode 'outputs' to avoid re-running this script phase.\necho \"SUCCESS\" > \"${SCRIPT_OUTPUT_FILE_0}\"\n";
			showEnvVarsInLog = 0;
		};
		B910538AF993FB801F04E19B /* [CP] Check Pods Manifest.lock */ = {
			isa = PBXShellScriptBuildPhase;
			buildActionMask = 2147483647;
			files = (
			);
			inputPaths = (
				"${PODS_PODFILE_DIR_PATH}/Podfile.lock",
				"${PODS_ROOT}/Manifest.lock",
			);
			name = "[CP] Check Pods Manifest.lock";
			outputPaths = (
				"$(DERIVED_FILE_DIR)/Pods-gitStudy-checkManifestLockResult.txt",
			);
			runOnlyForDeploymentPostprocessing = 0;
			shellPath = /bin/sh;
			shellScript = "diff \"${PODS_PODFILE_DIR_PATH}/Podfile.lock\" \"${PODS_ROOT}/Manifest.lock\" > /dev/null\nif [ $? != 0 ] ; then\n    # print error to STDERR\n    echo \"error: The sandbox is not in sync with the Podfile.lock. Run 'pod install' or update your CocoaPods installation.\" >&2\n    exit 1\nfi\n# This output is used by Xcode 'outputs' to avoid re-running this script phase.\necho \"SUCCESS\" > \"${SCRIPT_OUTPUT_FILE_0}\"\n";
			showEnvVarsInLog = 0;
		};
		BF3929CD991027B026D9A1AA /* [CP] Check Pods Manifest.lock */ = {
			isa = PBXShellScriptBuildPhase;
			buildActionMask = 2147483647;
			files = (
			);
			inputPaths = (
				"${PODS_PODFILE_DIR_PATH}/Podfile.lock",
				"${PODS_ROOT}/Manifest.lock",
			);
			name = "[CP] Check Pods Manifest.lock";
			outputPaths = (
				"$(DERIVED_FILE_DIR)/Pods-gitStudyUITests-checkManifestLockResult.txt",
			);
			runOnlyForDeploymentPostprocessing = 0;
			shellPath = /bin/sh;
			shellScript = "diff \"${PODS_PODFILE_DIR_PATH}/Podfile.lock\" \"${PODS_ROOT}/Manifest.lock\" > /dev/null\nif [ $? != 0 ] ; then\n    # print error to STDERR\n    echo \"error: The sandbox is not in sync with the Podfile.lock. Run 'pod install' or update your CocoaPods installation.\" >&2\n    exit 1\nfi\n# This output is used by Xcode 'outputs' to avoid re-running this script phase.\necho \"SUCCESS\" > \"${SCRIPT_OUTPUT_FILE_0}\"\n";
			showEnvVarsInLog = 0;
		};
/* End PBXShellScriptBuildPhase section */

/* Begin PBXSourcesBuildPhase section */
		F94BC42C21C9E2D2007B3E4F /* Sources */ = {
			isa = PBXSourcesBuildPhase;
			buildActionMask = 2147483647;
			files = (
				F94BC43821C9E2D2007B3E4F /* ViewController.m in Sources */,
				F94BC44321C9E2D4007B3E4F /* main.m in Sources */,
				F94BC43521C9E2D2007B3E4F /* AppDelegate.m in Sources */,
			);
			runOnlyForDeploymentPostprocessing = 0;
		};
		F94BC44421C9E2D4007B3E4F /* Sources */ = {
			isa = PBXSourcesBuildPhase;
			buildActionMask = 2147483647;
			files = (
				F94BC44D21C9E2D4007B3E4F /* gitStudyTests.m in Sources */,
			);
			runOnlyForDeploymentPostprocessing = 0;
		};
		F94BC44F21C9E2D4007B3E4F /* Sources */ = {
			isa = PBXSourcesBuildPhase;
			buildActionMask = 2147483647;
			files = (
				F94BC45821C9E2D4007B3E4F /* gitStudyUITests.m in Sources */,
			);
			runOnlyForDeploymentPostprocessing = 0;
		};
/* End PBXSourcesBuildPhase section */

/* Begin PBXTargetDependency section */
		F94BC44A21C9E2D4007B3E4F /* PBXTargetDependency */ = {
			isa = PBXTargetDependency;
			target = F94BC42F21C9E2D2007B3E4F /* gitStudy */;
			targetProxy = F94BC44921C9E2D4007B3E4F /* PBXContainerItemProxy */;
		};
		F94BC45521C9E2D4007B3E4F /* PBXTargetDependency */ = {
			isa = PBXTargetDependency;
			target = F94BC42F21C9E2D2007B3E4F /* gitStudy */;
			targetProxy = F94BC45421C9E2D4007B3E4F /* PBXContainerItemProxy */;
		};
/* End PBXTargetDependency section */

/* Begin PBXVariantGroup section */
		F94BC43921C9E2D2007B3E4F /* Main.storyboard */ = {
			isa = PBXVariantGroup;
			children = (
				F94BC43A21C9E2D2007B3E4F /* Base */,
			);
			name = Main.storyboard;
			sourceTree = "<group>";
		};
		F94BC43E21C9E2D4007B3E4F /* LaunchScreen.storyboard */ = {
			isa = PBXVariantGroup;
			children = (
				F94BC43F21C9E2D4007B3E4F /* Base */,
			);
			name = LaunchScreen.storyboard;
			sourceTree = "<group>";
		};
/* End PBXVariantGroup section */

/* Begin XCBuildConfiguration section */
		F94BC45A21C9E2D4007B3E4F /* Debug */ = {
			isa = XCBuildConfiguration;
			buildSettings = {
				ALWAYS_SEARCH_USER_PATHS = NO;
				CLANG_ANALYZER_NONNULL = YES;
				CLANG_ANALYZER_NUMBER_OBJECT_CONVERSION = YES_AGGRESSIVE;
				CLANG_CXX_LANGUAGE_STANDARD = "gnu++14";
				CLANG_CXX_LIBRARY = "libc++";
				CLANG_ENABLE_MODULES = YES;
				CLANG_ENABLE_OBJC_ARC = YES;
				CLANG_ENABLE_OBJC_WEAK = YES;
				CLANG_WARN_BLOCK_CAPTURE_AUTORELEASING = YES;
				CLANG_WARN_BOOL_CONVERSION = YES;
				CLANG_WARN_COMMA = YES;
				CLANG_WARN_CONSTANT_CONVERSION = YES;
				CLANG_WARN_DEPRECATED_OBJC_IMPLEMENTATIONS = YES;
				CLANG_WARN_DIRECT_OBJC_ISA_USAGE = YES_ERROR;
				CLANG_WARN_DOCUMENTATION_COMMENTS = YES;
				CLANG_WARN_EMPTY_BODY = YES;
				CLANG_WARN_ENUM_CONVERSION = YES;
				CLANG_WARN_INFINITE_RECURSION = YES;
				CLANG_WARN_INT_CONVERSION = YES;
				CLANG_WARN_NON_LITERAL_NULL_CONVERSION = YES;
				CLANG_WARN_OBJC_IMPLICIT_RETAIN_SELF = YES;
				CLANG_WARN_OBJC_LITERAL_CONVERSION = YES;
				CLANG_WARN_OBJC_ROOT_CLASS = YES_ERROR;
				CLANG_WARN_RANGE_LOOP_ANALYSIS = YES;
				CLANG_WARN_STRICT_PROTOTYPES = YES;
				CLANG_WARN_SUSPICIOUS_MOVE = YES;
				CLANG_WARN_UNGUARDED_AVAILABILITY = YES_AGGRESSIVE;
				CLANG_WARN_UNREACHABLE_CODE = YES;
				CLANG_WARN__DUPLICATE_METHOD_MATCH = YES;
				CODE_SIGN_IDENTITY = "iPhone Developer";
				COPY_PHASE_STRIP = NO;
				DEBUG_INFORMATION_FORMAT = dwarf;
				ENABLE_STRICT_OBJC_MSGSEND = YES;
				ENABLE_TESTABILITY = YES;
				GCC_C_LANGUAGE_STANDARD = gnu11;
				GCC_DYNAMIC_NO_PIC = NO;
				GCC_NO_COMMON_BLOCKS = YES;
				GCC_OPTIMIZATION_LEVEL = 0;
				GCC_PREPROCESSOR_DEFINITIONS = (
					"DEBUG=1",
					"$(inherited)",
				);
				GCC_WARN_64_TO_32_BIT_CONVERSION = YES;
				GCC_WARN_ABOUT_RETURN_TYPE = YES_ERROR;
				GCC_WARN_UNDECLARED_SELECTOR = YES;
				GCC_WARN_UNINITIALIZED_AUTOS = YES_AGGRESSIVE;
				GCC_WARN_UNUSED_FUNCTION = YES;
				GCC_WARN_UNUSED_VARIABLE = YES;
				IPHONEOS_DEPLOYMENT_TARGET = 12.0;
				MTL_ENABLE_DEBUG_INFO = INCLUDE_SOURCE;
				MTL_FAST_MATH = YES;
				ONLY_ACTIVE_ARCH = YES;
				SDKROOT = iphoneos;
			};
			name = Debug;
		};
		F94BC45B21C9E2D4007B3E4F /* Release */ = {
			isa = XCBuildConfiguration;
			buildSettings = {
				ALWAYS_SEARCH_USER_PATHS = NO;
				CLANG_ANALYZER_NONNULL = YES;
				CLANG_ANALYZER_NUMBER_OBJECT_CONVERSION = YES_AGGRESSIVE;
				CLANG_CXX_LANGUAGE_STANDARD = "gnu++14";
				CLANG_CXX_LIBRARY = "libc++";
				CLANG_ENABLE_MODULES = YES;
				CLANG_ENABLE_OBJC_ARC = YES;
				CLANG_ENABLE_OBJC_WEAK = YES;
				CLANG_WARN_BLOCK_CAPTURE_AUTORELEASING = YES;
				CLANG_WARN_BOOL_CONVERSION = YES;
				CLANG_WARN_COMMA = YES;
				CLANG_WARN_CONSTANT_CONVERSION = YES;
				CLANG_WARN_DEPRECATED_OBJC_IMPLEMENTATIONS = YES;
				CLANG_WARN_DIRECT_OBJC_ISA_USAGE = YES_ERROR;
				CLANG_WARN_DOCUMENTATION_COMMENTS = YES;
				CLANG_WARN_EMPTY_BODY = YES;
				CLANG_WARN_ENUM_CONVERSION = YES;
				CLANG_WARN_INFINITE_RECURSION = YES;
				CLANG_WARN_INT_CONVERSION = YES;
				CLANG_WARN_NON_LITERAL_NULL_CONVERSION = YES;
				CLANG_WARN_OBJC_IMPLICIT_RETAIN_SELF = YES;
				CLANG_WARN_OBJC_LITERAL_CONVERSION = YES;
				CLANG_WARN_OBJC_ROOT_CLASS = YES_ERROR;
				CLANG_WARN_RANGE_LOOP_ANALYSIS = YES;
				CLANG_WARN_STRICT_PROTOTYPES = YES;
				CLANG_WARN_SUSPICIOUS_MOVE = YES;
				CLANG_WARN_UNGUARDED_AVAILABILITY = YES_AGGRESSIVE;
				CLANG_WARN_UNREACHABLE_CODE = YES;
				CLANG_WARN__DUPLICATE_METHOD_MATCH = YES;
				CODE_SIGN_IDENTITY = "iPhone Developer";
				COPY_PHASE_STRIP = NO;
				DEBUG_INFORMATION_FORMAT = "dwarf-with-dsym";
				ENABLE_NS_ASSERTIONS = NO;
				ENABLE_STRICT_OBJC_MSGSEND = YES;
				GCC_C_LANGUAGE_STANDARD = gnu11;
				GCC_NO_COMMON_BLOCKS = YES;
				GCC_WARN_64_TO_32_BIT_CONVERSION = YES;
				GCC_WARN_ABOUT_RETURN_TYPE = YES_ERROR;
				GCC_WARN_UNDECLARED_SELECTOR = YES;
				GCC_WARN_UNINITIALIZED_AUTOS = YES_AGGRESSIVE;
				GCC_WARN_UNUSED_FUNCTION = YES;
				GCC_WARN_UNUSED_VARIABLE = YES;
				IPHONEOS_DEPLOYMENT_TARGET = 12.0;
				MTL_ENABLE_DEBUG_INFO = NO;
				MTL_FAST_MATH = YES;
				SDKROOT = iphoneos;
				VALIDATE_PRODUCT = YES;
			};
			name = Release;
		};
		F94BC45D21C9E2D4007B3E4F /* Debug */ = {
			isa = XCBuildConfiguration;
			baseConfigurationReference = FC857D114C346AE2124FDC76 /* Pods-gitStudy.debug.xcconfig */;
			buildSettings = {
				ASSETCATALOG_COMPILER_APPICON_NAME = AppIcon;
				CODE_SIGN_STYLE = Automatic;
				DEVELOPMENT_TEAM = 8J48HY82XT;
				INFOPLIST_FILE = gitStudy/Info.plist;
				LD_RUNPATH_SEARCH_PATHS = (
					"$(inherited)",
					"@executable_path/Frameworks",
				);
				PRODUCT_BUNDLE_IDENTIFIER = com.renhejinfu.gitStudy;
				PRODUCT_NAME = "$(TARGET_NAME)";
				TARGETED_DEVICE_FAMILY = "1,2";
			};
			name = Debug;
		};
		F94BC45E21C9E2D4007B3E4F /* Release */ = {
			isa = XCBuildConfiguration;
			baseConfigurationReference = 34AF1AAEB0B876EDB977478E /* Pods-gitStudy.release.xcconfig */;
			buildSettings = {
				ASSETCATALOG_COMPILER_APPICON_NAME = AppIcon;
				CODE_SIGN_STYLE = Automatic;
				DEVELOPMENT_TEAM = 8J48HY82XT;
				INFOPLIST_FILE = gitStudy/Info.plist;
				LD_RUNPATH_SEARCH_PATHS = (
					"$(inherited)",
					"@executable_path/Frameworks",
				);
				PRODUCT_BUNDLE_IDENTIFIER = com.renhejinfu.gitStudy;
				PRODUCT_NAME = "$(TARGET_NAME)";
				TARGETED_DEVICE_FAMILY = "1,2";
			};
			name = Release;
		};
		F94BC46021C9E2D4007B3E4F /* Debug */ = {
			isa = XCBuildConfiguration;
			baseConfigurationReference = CD4055FF314747BE0980016A /* Pods-gitStudyTests.debug.xcconfig */;
			buildSettings = {
				BUNDLE_LOADER = "$(TEST_HOST)";
				CODE_SIGN_STYLE = Automatic;
				DEVELOPMENT_TEAM = 8J48HY82XT;
				INFOPLIST_FILE = gitStudyTests/Info.plist;
				LD_RUNPATH_SEARCH_PATHS = (
					"$(inherited)",
					"@executable_path/Frameworks",
					"@loader_path/Frameworks",
				);
				PRODUCT_BUNDLE_IDENTIFIER = com.renhejinfu.gitStudyTests;
				PRODUCT_NAME = "$(TARGET_NAME)";
				TARGETED_DEVICE_FAMILY = "1,2";
				TEST_HOST = "$(BUILT_PRODUCTS_DIR)/gitStudy.app/gitStudy";
			};
			name = Debug;
		};
		F94BC46121C9E2D4007B3E4F /* Release */ = {
			isa = XCBuildConfiguration;
			baseConfigurationReference = 1A3A90F1DBA7B66C18F4E43D /* Pods-gitStudyTests.release.xcconfig */;
			buildSettings = {
				BUNDLE_LOADER = "$(TEST_HOST)";
				CODE_SIGN_STYLE = Automatic;
				DEVELOPMENT_TEAM = 8J48HY82XT;
				INFOPLIST_FILE = gitStudyTests/Info.plist;
				LD_RUNPATH_SEARCH_PATHS = (
					"$(inherited)",
					"@executable_path/Frameworks",
					"@loader_path/Frameworks",
				);
				PRODUCT_BUNDLE_IDENTIFIER = com.renhejinfu.gitStudyTests;
				PRODUCT_NAME = "$(TARGET_NAME)";
				TARGETED_DEVICE_FAMILY = "1,2";
				TEST_HOST = "$(BUILT_PRODUCTS_DIR)/gitStudy.app/gitStudy";
			};
			name = Release;
		};
		F94BC46321C9E2D4007B3E4F /* Debug */ = {
			isa = XCBuildConfiguration;
			baseConfigurationReference = 43315C58CB129C3FA08231AA /* Pods-gitStudyUITests.debug.xcconfig */;
			buildSettings = {
				CODE_SIGN_STYLE = Automatic;
				DEVELOPMENT_TEAM = 8J48HY82XT;
				INFOPLIST_FILE = gitStudyUITests/Info.plist;
				LD_RUNPATH_SEARCH_PATHS = (
					"$(inherited)",
					"@executable_path/Frameworks",
					"@loader_path/Frameworks",
				);
				PRODUCT_BUNDLE_IDENTIFIER = com.renhejinfu.gitStudyUITests;
				PRODUCT_NAME = "$(TARGET_NAME)";
				TARGETED_DEVICE_FAMILY = "1,2";
				TEST_TARGET_NAME = gitStudy;
			};
			name = Debug;
		};
		F94BC46421C9E2D4007B3E4F /* Release */ = {
			isa = XCBuildConfiguration;
			baseConfigurationReference = 617DE7DD3402D2CFA3236DBF /* Pods-gitStudyUITests.release.xcconfig */;
			buildSettings = {
				CODE_SIGN_STYLE = Automatic;
				DEVELOPMENT_TEAM = 8J48HY82XT;
				INFOPLIST_FILE = gitStudyUITests/Info.plist;
				LD_RUNPATH_SEARCH_PATHS = (
					"$(inherited)",
					"@executable_path/Frameworks",
					"@loader_path/Frameworks",
				);
				PRODUCT_BUNDLE_IDENTIFIER = com.renhejinfu.gitStudyUITests;
				PRODUCT_NAME = "$(TARGET_NAME)";
				TARGETED_DEVICE_FAMILY = "1,2";
				TEST_TARGET_NAME = gitStudy;
			};
			name = Release;
		};
/* End XCBuildConfiguration section */

/* Begin XCConfigurationList section */
		F94BC42B21C9E2D2007B3E4F /* Build configuration list for PBXProject "gitStudy" */ = {
			isa = XCConfigurationList;
			buildConfigurations = (
				F94BC45A21C9E2D4007B3E4F /* Debug */,
				F94BC45B21C9E2D4007B3E4F /* Release */,
			);
			defaultConfigurationIsVisible = 0;
			defaultConfigurationName = Release;
		};
		F94BC45C21C9E2D4007B3E4F /* Build configuration list for PBXNativeTarget "gitStudy" */ = {
			isa = XCConfigurationList;
			buildConfigurations = (
				F94BC45D21C9E2D4007B3E4F /* Debug */,
				F94BC45E21C9E2D4007B3E4F /* Release */,
			);
			defaultConfigurationIsVisible = 0;
			defaultConfigurationName = Release;
		};
		F94BC45F21C9E2D4007B3E4F /* Build configuration list for PBXNativeTarget "gitStudyTests" */ = {
			isa = XCConfigurationList;
			buildConfigurations = (
				F94BC46021C9E2D4007B3E4F /* Debug */,
				F94BC46121C9E2D4007B3E4F /* Release */,
			);
			defaultConfigurationIsVisible = 0;
			defaultConfigurationName = Release;
		};
		F94BC46221C9E2D4007B3E4F /* Build configuration list for PBXNativeTarget "gitStudyUITests" */ = {
			isa = XCConfigurationList;
			buildConfigurations = (
				F94BC46321C9E2D4007B3E4F /* Debug */,
				F94BC46421C9E2D4007B3E4F /* Release */,
			);
			defaultConfigurationIsVisible = 0;
			defaultConfigurationName = Release;
		};
/* End XCConfigurationList section */
	};
	rootObject = F94BC42821C9E2D2007B3E4F /* Project object */;
}
